
Microsoft Visual Studio Solution File, Format Version 12.00
# Visual Studio Version 17
VisualStudioVersion = 17.6.33723.286
MinimumVisualStudioVersion = 10.0.40219.1
Project("{FAE04EC0-301F-11D3-BF4B-00C04F79EFBC}") = "CustomIdentity", "CustomIdentity\CustomIdentity.csproj", "{09903632-B6F0-4B69-9AD8-C408E3EB58EE}"
EndProject
Global
	GlobalSection(SolutionConfigurationPlatforms) = preSolution
		Debug|Any CPU = Debug|Any CPU
		Release|Any CPU = Release|Any CPU
	EndGlobalSection
	GlobalSection(ProjectConfigurationPlatforms) = postSolution
		{09903632-B6F0-4B69-9AD8-C408E3EB58EE}.Debug|Any CPU.ActiveCfg = Debug|Any CPU
		{09903632-B6F0-4B69-9AD8-C408E3EB58EE}.Debug|Any CPU.Build.0 = Debug|Any CPU
		{09903632-B6F0-4B69-9AD8-C408E3EB58EE}.Release|Any CPU.ActiveCfg = Release|Any CPU
		{09903632-B6F0-4B69-9AD8-C408E3EB58EE}.Release|Any CPU.Build.0 = Release|Any CPU
	EndGlobalSection
	GlobalSection(SolutionProperties) = preSolution
		HideSolutionNode = FALSE
	EndGlobalSection
	GlobalSection(ExtensibilityGlobals) = postSolution
		SolutionGuid = {D48548B5-3BD3-4074-8382-CF7BFE1B8B2C}
	EndGlobalSection
EndGlobal
